
Microsoft Visual Studio Solution File, Format Version 12.00
# Visual Studio Version 17
VisualStudioVersion = 17.14.36109.1 d17.14
MinimumVisualStudioVersion = 10.0.40219.1
Project("{FAE04EC0-301F-11D3-BF4B-00C04F79EFBC}") = "HaCSBot.WebAPI", "HaCSBot.WebAPI\HaCSBot.WebAPI.csproj", "{70831384-A170-4E5E-8DFB-FF31A525260A}"
EndProject
Project("{FAE04EC0-301F-11D3-BF4B-00C04F79EFBC}") = "HaCSBot.DataBase", "HaCSBot.DataBase\HaCSBot.DataBase.csproj", "{16D9484D-8118-441F-976B-71A28B9ACCD4}"
EndProject
Project("{FAE04EC0-301F-11D3-BF4B-00C04F79EFBC}") = "HaCSBot.Services", "HaCSBot.Services\HaCSBot.Services.csproj", "{AB205920-EEB2-45F3-95AC-FA91B0E19101}"
EndProject
Project("{FAE04EC0-301F-11D3-BF4B-00C04F79EFBC}") = "HaCSBot.Contracts", "HaCSBot.Contracts\HaCSBot.Contracts.csproj", "{B6B6E492-656E-4C57-A77C-D62322A7578B}"
EndProject
Global
	GlobalSection(SolutionConfigurationPlatforms) = preSolution
		Debug|Any CPU = Debug|Any CPU
		Release|Any CPU = Release|Any CPU
	EndGlobalSection
	GlobalSection(ProjectConfigurationPlatforms) = postSolution
		{70831384-A170-4E5E-8DFB-FF31A525260A}.Debug|Any CPU.ActiveCfg = Debug|Any CPU
		{70831384-A170-4E5E-8DFB-FF31A525260A}.Debug|Any CPU.Build.0 = Debug|Any CPU
		{70831384-A170-4E5E-8DFB-FF31A525260A}.Release|Any CPU.ActiveCfg = Release|Any CPU
		{70831384-A170-4E5E-8DFB-FF31A525260A}.Release|Any CPU.Build.0 = Release|Any CPU
		{16D9484D-8118-441F-976B-71A28B9ACCD4}.Debug|Any CPU.ActiveCfg = Debug|Any CPU
		{16D9484D-8118-441F-976B-71A28B9ACCD4}.Debug|Any CPU.Build.0 = Debug|Any CPU
		{16D9484D-8118-441F-976B-71A28B9ACCD4}.Release|Any CPU.ActiveCfg = Release|Any CPU
		{16D9484D-8118-441F-976B-71A28B9ACCD4}.Release|Any CPU.Build.0 = Release|Any CPU
		{AB205920-EEB2-45F3-95AC-FA91B0E19101}.Debug|Any CPU.ActiveCfg = Debug|Any CPU
		{AB205920-EEB2-45F3-95AC-FA91B0E19101}.Debug|Any CPU.Build.0 = Debug|Any CPU
		{AB205920-EEB2-45F3-95AC-FA91B0E19101}.Release|Any CPU.ActiveCfg = Release|Any CPU
		{AB205920-EEB2-45F3-95AC-FA91B0E19101}.Release|Any CPU.Build.0 = Release|Any CPU
		{B6B6E492-656E-4C57-A77C-D62322A7578B}.Debug|Any CPU.ActiveCfg = Debug|Any CPU
		{B6B6E492-656E-4C57-A77C-D62322A7578B}.Debug|Any CPU.Build.0 = Debug|Any CPU
		{B6B6E492-656E-4C57-A77C-D62322A7578B}.Release|Any CPU.ActiveCfg = Release|Any CPU
		{B6B6E492-656E-4C57-A77C-D62322A7578B}.Release|Any CPU.Build.0 = Release|Any CPU
	EndGlobalSection
	GlobalSection(SolutionProperties) = preSolution
		HideSolutionNode = FALSE
	EndGlobalSection
	GlobalSection(ExtensibilityGlobals) = postSolution
		SolutionGuid = {E7D87F17-72C3-424A-9693-4F2A5A760768}
	EndGlobalSection
EndGlobal
